
Microsoft Visual Studio Solution File, Format Version 12.00
# Visual Studio Version 17
VisualStudioVersion = 17.0.31903.59
MinimumVisualStudioVersion = 10.0.40219.1
Project("{FAE04EC0-301F-11D3-BF4B-00C04F79EFBC}") = "LixoZero", "LixoZero.csproj", "{D350B206-7B27-40C2-BBCD-6D46EFBFF1BD}"
EndProject
Project("{2150E333-8FDC-42A3-9474-1A3956D46DE8}") = "tests", "tests", "{0AB3BF05-4346-4AA6-1389-037BE0695223}"
EndProject
Project("{FAE04EC0-301F-11D3-BF4B-00C04F79EFBC}") = "LixoZero.Tests", "tests\LixoZero.Tests.csproj", "{FD935AD5-B31D-4D80-8089-E1FCC8A75056}"
EndProject
Global
	GlobalSection(SolutionConfigurationPlatforms) = preSolution
		Debug|Any CPU = Debug|Any CPU
		Debug|x64 = Debug|x64
		Debug|x86 = Debug|x86
		Release|Any CPU = Release|Any CPU
		Release|x64 = Release|x64
		Release|x86 = Release|x86
	EndGlobalSection
	GlobalSection(ProjectConfigurationPlatforms) = postSolution
		{D350B206-7B27-40C2-BBCD-6D46EFBFF1BD}.Debug|Any CPU.ActiveCfg = Debug|Any CPU
		{D350B206-7B27-40C2-BBCD-6D46EFBFF1BD}.Debug|Any CPU.Build.0 = Debug|Any CPU
		{D350B206-7B27-40C2-BBCD-6D46EFBFF1BD}.Debug|x64.ActiveCfg = Debug|Any CPU
		{D350B206-7B27-40C2-BBCD-6D46EFBFF1BD}.Debug|x64.Build.0 = Debug|Any CPU
		{D350B206-7B27-40C2-BBCD-6D46EFBFF1BD}.Debug|x86.ActiveCfg = Debug|Any CPU
		{D350B206-7B27-40C2-BBCD-6D46EFBFF1BD}.Debug|x86.Build.0 = Debug|Any CPU
		{D350B206-7B27-40C2-BBCD-6D46EFBFF1BD}.Release|Any CPU.ActiveCfg = Release|Any CPU
		{D350B206-7B27-40C2-BBCD-6D46EFBFF1BD}.Release|Any CPU.Build.0 = Release|Any CPU
		{D350B206-7B27-40C2-BBCD-6D46EFBFF1BD}.Release|x64.ActiveCfg = Release|Any CPU
		{D350B206-7B27-40C2-BBCD-6D46EFBFF1BD}.Release|x64.Build.0 = Release|Any CPU
		{D350B206-7B27-40C2-BBCD-6D46EFBFF1BD}.Release|x86.ActiveCfg = Release|Any CPU
		{D350B206-7B27-40C2-BBCD-6D46EFBFF1BD}.Release|x86.Build.0 = Release|Any CPU
		{FD935AD5-B31D-4D80-8089-E1FCC8A75056}.Debug|Any CPU.ActiveCfg = Debug|Any CPU
		{FD935AD5-B31D-4D80-8089-E1FCC8A75056}.Debug|Any CPU.Build.0 = Debug|Any CPU
		{FD935AD5-B31D-4D80-8089-E1FCC8A75056}.Debug|x64.ActiveCfg = Debug|Any CPU
		{FD935AD5-B31D-4D80-8089-E1FCC8A75056}.Debug|x64.Build.0 = Debug|Any CPU
		{FD935AD5-B31D-4D80-8089-E1FCC8A75056}.Debug|x86.ActiveCfg = Debug|Any CPU
		{FD935AD5-B31D-4D80-8089-E1FCC8A75056}.Debug|x86.Build.0 = Debug|Any CPU
		{FD935AD5-B31D-4D80-8089-E1FCC8A75056}.Release|Any CPU.ActiveCfg = Release|Any CPU
		{FD935AD5-B31D-4D80-8089-E1FCC8A75056}.Release|Any CPU.Build.0 = Release|Any CPU
		{FD935AD5-B31D-4D80-8089-E1FCC8A75056}.Release|x64.ActiveCfg = Release|Any CPU
		{FD935AD5-B31D-4D80-8089-E1FCC8A75056}.Release|x64.Build.0 = Release|Any CPU
		{FD935AD5-B31D-4D80-8089-E1FCC8A75056}.Release|x86.ActiveCfg = Release|Any CPU
		{FD935AD5-B31D-4D80-8089-E1FCC8A75056}.Release|x86.Build.0 = Release|Any CPU
	EndGlobalSection
	GlobalSection(SolutionProperties) = preSolution
		HideSolutionNode = FALSE
	EndGlobalSection
	GlobalSection(NestedProjects) = preSolution
		{FD935AD5-B31D-4D80-8089-E1FCC8A75056} = {0AB3BF05-4346-4AA6-1389-037BE0695223}
	EndGlobalSection
EndGlobal
